
Microsoft Visual Studio Solution File, Format Version 12.00
# Visual Studio Version 17
VisualStudioVersion = 17.11.35222.181
MinimumVisualStudioVersion = 10.0.40219.1
Project("{FAE04EC0-301F-11D3-BF4B-00C04F79EFBC}") = "HelloPhi-3.5", "HelloPhi-3.5\HelloPhi-3.5.csproj", "{7CAB364A-71D5-4C57-9F77-5C8FB6324EF1}"
EndProject
Global
	GlobalSection(SolutionConfigurationPlatforms) = preSolution
		Debug|Any CPU = Debug|Any CPU
		Release|Any CPU = Release|Any CPU
	EndGlobalSection
	GlobalSection(ProjectConfigurationPlatforms) = postSolution
		{7CAB364A-71D5-4C57-9F77-5C8FB6324EF1}.Debug|Any CPU.ActiveCfg = Debug|Any CPU
		{7CAB364A-71D5-4C57-9F77-5C8FB6324EF1}.Debug|Any CPU.Build.0 = Debug|Any CPU
		{7CAB364A-71D5-4C57-9F77-5C8FB6324EF1}.Release|Any CPU.ActiveCfg = Release|Any CPU
		{7CAB364A-71D5-4C57-9F77-5C8FB6324EF1}.Release|Any CPU.Build.0 = Release|Any CPU
	EndGlobalSection
	GlobalSection(SolutionProperties) = preSolution
		HideSolutionNode = FALSE
	EndGlobalSection
	GlobalSection(ExtensibilityGlobals) = postSolution
		SolutionGuid = {912E9FBD-B3DF-4649-B236-A4214C626A5E}
	EndGlobalSection
EndGlobal
